// !$*UTF8*$!
{
	archiveVersion = 1;
	classes = {
	};
	objectVersion = 55;
	objects = {

/* Begin PBXBuildFile section */
		0E45D46B28C08618004D7A61 /* CaptureImageView.swift in Sources */ = {isa = PBXBuildFile; fileRef = 0E45D46A28C08618004D7A61 /* CaptureImageView.swift */; };
		0E954AB628C077D300843360 /* NoteData.swift in Sources */ = {isa = PBXBuildFile; fileRef = 0E954AB328C077D300843360 /* NoteData.swift */; };
		0E954AB728C077D300843360 /* AmplifyModels.swift in Sources */ = {isa = PBXBuildFile; fileRef = 0E954AB428C077D300843360 /* AmplifyModels.swift */; };
		0E954AB828C077D300843360 /* NoteData+Schema.swift in Sources */ = {isa = PBXBuildFile; fileRef = 0E954AB528C077D300843360 /* NoteData+Schema.swift */; };
		0E96FF6D28BFB65E002EDB0F /* iOS_Getting_StartedApp.swift in Sources */ = {isa = PBXBuildFile; fileRef = 0E96FF6C28BFB65E002EDB0F /* iOS_Getting_StartedApp.swift */; };
		0E96FF6F28BFB65E002EDB0F /* ContentView.swift in Sources */ = {isa = PBXBuildFile; fileRef = 0E96FF6E28BFB65E002EDB0F /* ContentView.swift */; };
		0E96FF7128BFB65F002EDB0F /* Assets.xcassets in Resources */ = {isa = PBXBuildFile; fileRef = 0E96FF7028BFB65F002EDB0F /* Assets.xcassets */; };
		0E96FF7428BFB65F002EDB0F /* Preview Assets.xcassets in Resources */ = {isa = PBXBuildFile; fileRef = 0E96FF7328BFB65F002EDB0F /* Preview Assets.xcassets */; };
		0EAC0E6928BFC88A00464DDB /* amplifyconfiguration.json in Resources */ = {isa = PBXBuildFile; fileRef = 0EAC0E6728BFC88A00464DDB /* amplifyconfiguration.json */; };
		0EAC0E6A28BFC88A00464DDB /* awsconfiguration.json in Resources */ = {isa = PBXBuildFile; fileRef = 0EAC0E6828BFC88A00464DDB /* awsconfiguration.json */; };
		0EAC0E6C28BFC8CC00464DDB /* Backend.swift in Sources */ = {isa = PBXBuildFile; fileRef = 0EAC0E6B28BFC8CC00464DDB /* Backend.swift */; };
		998199F8620497D4FA449BE0 /* Pods_iOS_Getting_Started.framework in Frameworks */ = {isa = PBXBuildFile; fileRef = 53173120CECF3AF6BC2F42B0 /* Pods_iOS_Getting_Started.framework */; };
/* End PBXBuildFile section */

/* Begin PBXFileReference section */
		0E45D46A28C08618004D7A61 /* CaptureImageView.swift */ = {isa = PBXFileReference; lastKnownFileType = sourcecode.swift; path = CaptureImageView.swift; sourceTree = "<group>"; };
		0E87A38328BFD9A200047C35 /* iOS-Getting-Started-Info.plist */ = {isa = PBXFileReference; lastKnownFileType = text.plist; path = "iOS-Getting-Started-Info.plist"; sourceTree = SOURCE_ROOT; };
		0E954AB328C077D300843360 /* NoteData.swift */ = {isa = PBXFileReference; fileEncoding = 4; lastKnownFileType = sourcecode.swift; path = NoteData.swift; sourceTree = "<group>"; };
		0E954AB428C077D300843360 /* AmplifyModels.swift */ = {isa = PBXFileReference; fileEncoding = 4; lastKnownFileType = sourcecode.swift; path = AmplifyModels.swift; sourceTree = "<group>"; };
		0E954AB528C077D300843360 /* NoteData+Schema.swift */ = {isa = PBXFileReference; fileEncoding = 4; lastKnownFileType = sourcecode.swift; path = "NoteData+Schema.swift"; sourceTree = "<group>"; };
		0E96FF6928BFB65E002EDB0F /* iOS Getting Started.app */ = {isa = PBXFileReference; explicitFileType = wrapper.application; includeInIndex = 0; path = "iOS Getting Started.app"; sourceTree = BUILT_PRODUCTS_DIR; };
		0E96FF6C28BFB65E002EDB0F /* iOS_Getting_StartedApp.swift */ = {isa = PBXFileReference; lastKnownFileType = sourcecode.swift; path = iOS_Getting_StartedApp.swift; sourceTree = "<group>"; };
		0E96FF6E28BFB65E002EDB0F /* ContentView.swift */ = {isa = PBXFileReference; lastKnownFileType = sourcecode.swift; path = ContentView.swift; sourceTree = "<group>"; };
		0E96FF7028BFB65F002EDB0F /* Assets.xcassets */ = {isa = PBXFileReference; lastKnownFileType = folder.assetcatalog; path = Assets.xcassets; sourceTree = "<group>"; };
		0E96FF7328BFB65F002EDB0F /* Preview Assets.xcassets */ = {isa = PBXFileReference; lastKnownFileType = folder.assetcatalog; path = "Preview Assets.xcassets"; sourceTree = "<group>"; };
		0EAC0E6728BFC88A00464DDB /* amplifyconfiguration.json */ = {isa = PBXFileReference; fileEncoding = 4; lastKnownFileType = text.json; path = amplifyconfiguration.json; sourceTree = "<group>"; };
		0EAC0E6828BFC88A00464DDB /* awsconfiguration.json */ = {isa = PBXFileReference; fileEncoding = 4; lastKnownFileType = text.json; path = awsconfiguration.json; sourceTree = "<group>"; };
		0EAC0E6B28BFC8CC00464DDB /* Backend.swift */ = {isa = PBXFileReference; lastKnownFileType = sourcecode.swift; path = Backend.swift; sourceTree = "<group>"; };
		53173120CECF3AF6BC2F42B0 /* Pods_iOS_Getting_Started.framework */ = {isa = PBXFileReference; explicitFileType = wrapper.framework; includeInIndex = 0; path = Pods_iOS_Getting_Started.framework; sourceTree = BUILT_PRODUCTS_DIR; };
		A859D24068820EC15E9ED61A /* Pods-iOS Getting Started.debug.xcconfig */ = {isa = PBXFileReference; includeInIndex = 1; lastKnownFileType = text.xcconfig; name = "Pods-iOS Getting Started.debug.xcconfig"; path = "Target Support Files/Pods-iOS Getting Started/Pods-iOS Getting Started.debug.xcconfig"; sourceTree = "<group>"; };
		BE29DF979EEBE45FD756FFFD /* Pods-iOS Getting Started.release.xcconfig */ = {isa = PBXFileReference; includeInIndex = 1; lastKnownFileType = text.xcconfig; name = "Pods-iOS Getting Started.release.xcconfig"; path = "Target Support Files/Pods-iOS Getting Started/Pods-iOS Getting Started.release.xcconfig"; sourceTree = "<group>"; };
/* End PBXFileReference section */

/* Begin PBXFrameworksBuildPhase section */
		0E96FF6628BFB65E002EDB0F /* Frameworks */ = {
			isa = PBXFrameworksBuildPhase;
			buildActionMask = 2147483647;
			files = (
				998199F8620497D4FA449BE0 /* Pods_iOS_Getting_Started.framework in Frameworks */,
			);
			runOnlyForDeploymentPostprocessing = 0;
		};
/* End PBXFrameworksBuildPhase section */

/* Begin PBXGroup section */
		0E954AB128C077D300843360 /* generated */ = {
			isa = PBXGroup;
			children = (
				0E954AB228C077D300843360 /* models */,
			);
			name = generated;
			path = amplify/generated;
			sourceTree = SOURCE_ROOT;
		};
		0E954AB228C077D300843360 /* models */ = {
			isa = PBXGroup;
			children = (
				0E954AB328C077D300843360 /* NoteData.swift */,
				0E954AB428C077D300843360 /* AmplifyModels.swift */,
				0E954AB528C077D300843360 /* NoteData+Schema.swift */,
			);
			path = models;
			sourceTree = "<group>";
		};
		0E96FF6028BFB65E002EDB0F = {
			isa = PBXGroup;
			children = (
				0EAC0E6728BFC88A00464DDB /* amplifyconfiguration.json */,
				0EAC0E6828BFC88A00464DDB /* awsconfiguration.json */,
				0E96FF6B28BFB65E002EDB0F /* iOS Getting Started */,
				0E96FF6A28BFB65E002EDB0F /* Products */,
				B8CCAE77B5A015B3629018C4 /* Pods */,
				F543F98FC86B351A7ABA0D48 /* Frameworks */,
			);
			sourceTree = "<group>";
		};
		0E96FF6A28BFB65E002EDB0F /* Products */ = {
			isa = PBXGroup;
			children = (
				0E96FF6928BFB65E002EDB0F /* iOS Getting Started.app */,
			);
			name = Products;
			sourceTree = "<group>";
		};
		0E96FF6B28BFB65E002EDB0F /* iOS Getting Started */ = {
			isa = PBXGroup;
			children = (
				0E954AB128C077D300843360 /* generated */,
				0E87A38328BFD9A200047C35 /* iOS-Getting-Started-Info.plist */,
				0E96FF6C28BFB65E002EDB0F /* iOS_Getting_StartedApp.swift */,
				0E96FF6E28BFB65E002EDB0F /* ContentView.swift */,
				0E45D46A28C08618004D7A61 /* CaptureImageView.swift */,
				0E96FF7028BFB65F002EDB0F /* Assets.xcassets */,
				0E96FF7228BFB65F002EDB0F /* Preview Content */,
				0EAC0E6B28BFC8CC00464DDB /* Backend.swift */,
			);
			path = "iOS Getting Started";
			sourceTree = "<group>";
		};
		0E96FF7228BFB65F002EDB0F /* Preview Content */ = {
			isa = PBXGroup;
			children = (
				0E96FF7328BFB65F002EDB0F /* Preview Assets.xcassets */,
			);
			path = "Preview Content";
			sourceTree = "<group>";
		};
		B8CCAE77B5A015B3629018C4 /* Pods */ = {
			isa = PBXGroup;
			children = (
				A859D24068820EC15E9ED61A /* Pods-iOS Getting Started.debug.xcconfig */,
				BE29DF979EEBE45FD756FFFD /* Pods-iOS Getting Started.release.xcconfig */,
			);
			path = Pods;
			sourceTree = "<group>";
		};
		F543F98FC86B351A7ABA0D48 /* Frameworks */ = {
			isa = PBXGroup;
			children = (
				53173120CECF3AF6BC2F42B0 /* Pods_iOS_Getting_Started.framework */,
			);
			name = Frameworks;
			sourceTree = "<group>";
		};
/* End PBXGroup section */

/* Begin PBXNativeTarget section */
		0E96FF6828BFB65E002EDB0F /* iOS Getting Started */ = {
			isa = PBXNativeTarget;
			buildConfigurationList = 0E96FF7728BFB65F002EDB0F /* Build configuration list for PBXNativeTarget "iOS Getting Started" */;
			buildPhases = (
				7C1B5251946D6C9766EF7FCC /* [CP] Check Pods Manifest.lock */,
				0E96FF6528BFB65E002EDB0F /* Sources */,
				0E96FF6628BFB65E002EDB0F /* Frameworks */,
				0E96FF6728BFB65E002EDB0F /* Resources */,
				9263A614B1053774AF8A4354 /* [CP] Embed Pods Frameworks */,
			);
			buildRules = (
			);
			dependencies = (
			);
			name = "iOS Getting Started";
			productName = "iOS Getting Started";
			productReference = 0E96FF6928BFB65E002EDB0F /* iOS Getting Started.app */;
			productType = "com.apple.product-type.application";
		};
/* End PBXNativeTarget section */

/* Begin PBXProject section */
		0E96FF6128BFB65E002EDB0F /* Project object */ = {
			isa = PBXProject;
			attributes = {
				BuildIndependentTargetsInParallel = 1;
				LastSwiftUpdateCheck = 1340;
				LastUpgradeCheck = 1340;
				TargetAttributes = {
					0E96FF6828BFB65E002EDB0F = {
						CreatedOnToolsVersion = 13.4.1;
					};
				};
			};
			buildConfigurationList = 0E96FF6428BFB65E002EDB0F /* Build configuration list for PBXProject "iOS Getting Started" */;
			compatibilityVersion = "Xcode 13.0";
			developmentRegion = en;
			hasScannedForEncodings = 0;
			knownRegions = (
				en,
				Base,
			);
			mainGroup = 0E96FF6028BFB65E002EDB0F;
			productRefGroup = 0E96FF6A28BFB65E002EDB0F /* Products */;
			projectDirPath = "";
			projectRoot = "";
			targets = (
				0E96FF6828BFB65E002EDB0F /* iOS Getting Started */,
			);
		};
/* End PBXProject section */

/* Begin PBXResourcesBuildPhase section */
		0E96FF6728BFB65E002EDB0F /* Resources */ = {
			isa = PBXResourcesBuildPhase;
			buildActionMask = 2147483647;
			files = (
				0EAC0E6A28BFC88A00464DDB /* awsconfiguration.json in Resources */,
				0E96FF7428BFB65F002EDB0F /* Preview Assets.xcassets in Resources */,
				0EAC0E6928BFC88A00464DDB /* amplifyconfiguration.json in Resources */,
				0E96FF7128BFB65F002EDB0F /* Assets.xcassets in Resources */,
			);
			runOnlyForDeploymentPostprocessing = 0;
		};
/* End PBXResourcesBuildPhase section */

/* Begin PBXShellScriptBuildPhase section */
		7C1B5251946D6C9766EF7FCC /* [CP] Check Pods Manifest.lock */ = {
			isa = PBXShellScriptBuildPhase;
			buildActionMask = 2147483647;
			files = (
			);
			inputFileListPaths = (
			);
			inputPaths = (
				"${PODS_PODFILE_DIR_PATH}/Podfile.lock",
				"${PODS_ROOT}/Manifest.lock",
			);
			name = "[CP] Check Pods Manifest.lock";
			outputFileListPaths = (
			);
			outputPaths = (
				"$(DERIVED_FILE_DIR)/Pods-iOS Getting Started-checkManifestLockResult.txt",
			);
			runOnlyForDeploymentPostprocessing = 0;
			shellPath = /bin/sh;
			shellScript = "diff \"${PODS_PODFILE_DIR_PATH}/Podfile.lock\" \"${PODS_ROOT}/Manifest.lock\" > /dev/null\nif [ $? != 0 ] ; then\n    # print error to STDERR\n    echo \"error: The sandbox is not in sync with the Podfile.lock. Run 'pod install' or update your CocoaPods installation.\" >&2\n    exit 1\nfi\n# This output is used by Xcode 'outputs' to avoid re-running this script phase.\necho \"SUCCESS\" > \"${SCRIPT_OUTPUT_FILE_0}\"\n";
			showEnvVarsInLog = 0;
		};
		9263A614B1053774AF8A4354 /* [CP] Embed Pods Frameworks */ = {
			isa = PBXShellScriptBuildPhase;
			buildActionMask = 2147483647;
			files = (
			);
			inputFileListPaths = (
				"${PODS_ROOT}/Target Support Files/Pods-iOS Getting Started/Pods-iOS Getting Started-frameworks-${CONFIGURATION}-input-files.xcfilelist",
			);
			name = "[CP] Embed Pods Frameworks";
			outputFileListPaths = (
				"${PODS_ROOT}/Target Support Files/Pods-iOS Getting Started/Pods-iOS Getting Started-frameworks-${CONFIGURATION}-output-files.xcfilelist",
			);
			runOnlyForDeploymentPostprocessing = 0;
			shellPath = /bin/sh;
			shellScript = "\"${PODS_ROOT}/Target Support Files/Pods-iOS Getting Started/Pods-iOS Getting Started-frameworks.sh\"\n";
			showEnvVarsInLog = 0;
		};
/* End PBXShellScriptBuildPhase section */

/* Begin PBXSourcesBuildPhase section */
		0E96FF6528BFB65E002EDB0F /* Sources */ = {
			isa = PBXSourcesBuildPhase;
			buildActionMask = 2147483647;
			files = (
				0E45D46B28C08618004D7A61 /* CaptureImageView.swift in Sources */,
				0E954AB828C077D300843360 /* NoteData+Schema.swift in Sources */,
				0E954AB728C077D300843360 /* AmplifyModels.swift in Sources */,
				0E96FF6F28BFB65E002EDB0F /* ContentView.swift in Sources */,
				0E954AB628C077D300843360 /* NoteData.swift in Sources */,
				0E96FF6D28BFB65E002EDB0F /* iOS_Getting_StartedApp.swift in Sources */,
				0EAC0E6C28BFC8CC00464DDB /* Backend.swift in Sources */,
			);
			runOnlyForDeploymentPostprocessing = 0;
		};
/* End PBXSourcesBuildPhase section */

/* Begin XCBuildConfiguration section */
		0E96FF7528BFB65F002EDB0F /* Debug */ = {
			isa = XCBuildConfiguration;
			buildSettings = {
				ALWAYS_SEARCH_USER_PATHS = NO;
				CLANG_ANALYZER_NONNULL = YES;
				CLANG_ANALYZER_NUMBER_OBJECT_CONVERSION = YES_AGGRESSIVE;
				CLANG_CXX_LANGUAGE_STANDARD = "gnu++17";
				CLANG_ENABLE_MODULES = YES;
				CLANG_ENABLE_OBJC_ARC = YES;
				CLANG_ENABLE_OBJC_WEAK = YES;
				CLANG_WARN_BLOCK_CAPTURE_AUTORELEASING = YES;
				CLANG_WARN_BOOL_CONVERSION = YES;
				CLANG_WARN_COMMA = YES;
				CLANG_WARN_CONSTANT_CONVERSION = YES;
				CLANG_WARN_DEPRECATED_OBJC_IMPLEMENTATIONS = YES;
				CLANG_WARN_DIRECT_OBJC_ISA_USAGE = YES_ERROR;
				CLANG_WARN_DOCUMENTATION_COMMENTS = YES;
				CLANG_WARN_EMPTY_BODY = YES;
				CLANG_WARN_ENUM_CONVERSION = YES;
				CLANG_WARN_INFINITE_RECURSION = YES;
				CLANG_WARN_INT_CONVERSION = YES;
				CLANG_WARN_NON_LITERAL_NULL_CONVERSION = YES;
				CLANG_WARN_OBJC_IMPLICIT_RETAIN_SELF = YES;
				CLANG_WARN_OBJC_LITERAL_CONVERSION = YES;
				CLANG_WARN_OBJC_ROOT_CLASS = YES_ERROR;
				CLANG_WARN_QUOTED_INCLUDE_IN_FRAMEWORK_HEADER = YES;
				CLANG_WARN_RANGE_LOOP_ANALYSIS = YES;
				CLANG_WARN_STRICT_PROTOTYPES = YES;
				CLANG_WARN_SUSPICIOUS_MOVE = YES;
				CLANG_WARN_UNGUARDED_AVAILABILITY = YES_AGGRESSIVE;
				CLANG_WARN_UNREACHABLE_CODE = YES;
				CLANG_WARN__DUPLICATE_METHOD_MATCH = YES;
				COPY_PHASE_STRIP = NO;
				DEBUG_INFORMATION_FORMAT = dwarf;
				ENABLE_STRICT_OBJC_MSGSEND = YES;
				ENABLE_TESTABILITY = YES;
				GCC_C_LANGUAGE_STANDARD = gnu11;
				GCC_DYNAMIC_NO_PIC = NO;
				GCC_NO_COMMON_BLOCKS = YES;
				GCC_OPTIMIZATION_LEVEL = 0;
				GCC_PREPROCESSOR_DEFINITIONS = (
					"DEBUG=1",
					"$(inherited)",
				);
				GCC_WARN_64_TO_32_BIT_CONVERSION = YES;
				GCC_WARN_ABOUT_RETURN_TYPE = YES_ERROR;
				GCC_WARN_UNDECLARED_SELECTOR = YES;
				GCC_WARN_UNINITIALIZED_AUTOS = YES_AGGRESSIVE;
				GCC_WARN_UNUSED_FUNCTION = YES;
				GCC_WARN_UNUSED_VARIABLE = YES;
				IPHONEOS_DEPLOYMENT_TARGET = 15.5;
				MTL_ENABLE_DEBUG_INFO = INCLUDE_SOURCE;
				MTL_FAST_MATH = YES;
				ONLY_ACTIVE_ARCH = YES;
				SDKROOT = iphoneos;
				SWIFT_ACTIVE_COMPILATION_CONDITIONS = DEBUG;
				SWIFT_OPTIMIZATION_LEVEL = "-Onone";
			};
			name = Debug;
		};
		0E96FF7628BFB65F002EDB0F /* Release */ = {
			isa = XCBuildConfiguration;
			buildSettings = {
				ALWAYS_SEARCH_USER_PATHS = NO;
				CLANG_ANALYZER_NONNULL = YES;
				CLANG_ANALYZER_NUMBER_OBJECT_CONVERSION = YES_AGGRESSIVE;
				CLANG_CXX_LANGUAGE_STANDARD = "gnu++17";
				CLANG_ENABLE_MODULES = YES;
				CLANG_ENABLE_OBJC_ARC = YES;
				CLANG_ENABLE_OBJC_WEAK = YES;
				CLANG_WARN_BLOCK_CAPTURE_AUTORELEASING = YES;
				CLANG_WARN_BOOL_CONVERSION = YES;
				CLANG_WARN_COMMA = YES;
				CLANG_WARN_CONSTANT_CONVERSION = YES;
				CLANG_WARN_DEPRECATED_OBJC_IMPLEMENTATIONS = YES;
				CLANG_WARN_DIRECT_OBJC_ISA_USAGE = YES_ERROR;
				CLANG_WARN_DOCUMENTATION_COMMENTS = YES;
				CLANG_WARN_EMPTY_BODY = YES;
				CLANG_WARN_ENUM_CONVERSION = YES;
				CLANG_WARN_INFINITE_RECURSION = YES;
				CLANG_WARN_INT_CONVERSION = YES;
				CLANG_WARN_NON_LITERAL_NULL_CONVERSION = YES;
				CLANG_WARN_OBJC_IMPLICIT_RETAIN_SELF = YES;
				CLANG_WARN_OBJC_LITERAL_CONVERSION = YES;
				CLANG_WARN_OBJC_ROOT_CLASS = YES_ERROR;
				CLANG_WARN_QUOTED_INCLUDE_IN_FRAMEWORK_HEADER = YES;
				CLANG_WARN_RANGE_LOOP_ANALYSIS = YES;
				CLANG_WARN_STRICT_PROTOTYPES = YES;
				CLANG_WARN_SUSPICIOUS_MOVE = YES;
				CLANG_WARN_UNGUARDED_AVAILABILITY = YES_AGGRESSIVE;
				CLANG_WARN_UNREACHABLE_CODE = YES;
				CLANG_WARN__DUPLICATE_METHOD_MATCH = YES;
				COPY_PHASE_STRIP = NO;
				DEBUG_INFORMATION_FORMAT = "dwarf-with-dsym";
				ENABLE_NS_ASSERTIONS = NO;
				ENABLE_STRICT_OBJC_MSGSEND = YES;
				GCC_C_LANGUAGE_STANDARD = gnu11;
				GCC_NO_COMMON_BLOCKS = YES;
				GCC_WARN_64_TO_32_BIT_CONVERSION = YES;
				GCC_WARN_ABOUT_RETURN_TYPE = YES_ERROR;
				GCC_WARN_UNDECLARED_SELECTOR = YES;
				GCC_WARN_UNINITIALIZED_AUTOS = YES_AGGRESSIVE;
				GCC_WARN_UNUSED_FUNCTION = YES;
				GCC_WARN_UNUSED_VARIABLE = YES;
				IPHONEOS_DEPLOYMENT_TARGET = 15.5;
				MTL_ENABLE_DEBUG_INFO = NO;
				MTL_FAST_MATH = YES;
				SDKROOT = iphoneos;
				SWIFT_COMPILATION_MODE = wholemodule;
				SWIFT_OPTIMIZATION_LEVEL = "-O";
				VALIDATE_PRODUCT = YES;
			};
			name = Release;
		};
		0E96FF7828BFB65F002EDB0F /* Debug */ = {
			isa = XCBuildConfiguration;
			baseConfigurationReference = A859D24068820EC15E9ED61A /* Pods-iOS Getting Started.debug.xcconfig */;
			buildSettings = {
				ASSETCATALOG_COMPILER_APPICON_NAME = AppIcon;
				ASSETCATALOG_COMPILER_GLOBAL_ACCENT_COLOR_NAME = AccentColor;
				CODE_SIGN_STYLE = Automatic;
				CURRENT_PROJECT_VERSION = 1;
				DEVELOPMENT_ASSET_PATHS = "\"iOS Getting Started/Preview Content\"";
				DEVELOPMENT_TEAM = BXU6534P3P;
				ENABLE_PREVIEWS = YES;
				GENERATE_INFOPLIST_FILE = YES;
				INFOPLIST_FILE = "iOS-Getting-Started-Info.plist";
				INFOPLIST_KEY_UIApplicationSceneManifest_Generation = YES;
				INFOPLIST_KEY_UIApplicationSupportsIndirectInputEvents = YES;
				INFOPLIST_KEY_UILaunchScreen_Generation = YES;
				INFOPLIST_KEY_UISupportedInterfaceOrientations_iPad = "UIInterfaceOrientationPortrait UIInterfaceOrientationPortraitUpsideDown UIInterfaceOrientationLandscapeLeft UIInterfaceOrientationLandscapeRight";
				INFOPLIST_KEY_UISupportedInterfaceOrientations_iPhone = "UIInterfaceOrientationPortrait UIInterfaceOrientationLandscapeLeft UIInterfaceOrientationLandscapeRight";
				LD_RUNPATH_SEARCH_PATHS = (
					"$(inherited)",
					"@executable_path/Frameworks",
				);
				MARKETING_VERSION = 1.0;
				PRODUCT_BUNDLE_IDENTIFIER = "com.hyunsun.iOS-Getting-Started";
				PRODUCT_NAME = "$(TARGET_NAME)";
				SWIFT_EMIT_LOC_STRINGS = YES;
				SWIFT_VERSION = 5.0;
				TARGETED_DEVICE_FAMILY = "1,2";
			};
			name = Debug;
		};
		0E96FF7928BFB65F002EDB0F /* Release */ = {
			isa = XCBuildConfiguration;
			baseConfigurationReference = BE29DF979EEBE45FD756FFFD /* Pods-iOS Getting Started.release.xcconfig */;
			buildSettings = {
				ASSETCATALOG_COMPILER_APPICON_NAME = AppIcon;
				ASSETCATALOG_COMPILER_GLOBAL_ACCENT_COLOR_NAME = AccentColor;
				CODE_SIGN_STYLE = Automatic;
				CURRENT_PROJECT_VERSION = 1;
				DEVELOPMENT_ASSET_PATHS = "\"iOS Getting Started/Preview Content\"";
				DEVELOPMENT_TEAM = BXU6534P3P;
				ENABLE_PREVIEWS = YES;
				GENERATE_INFOPLIST_FILE = YES;
				INFOPLIST_FILE = "iOS-Getting-Started-Info.plist";
				INFOPLIST_KEY_UIApplicationSceneManifest_Generation = YES;
				INFOPLIST_KEY_UIApplicationSupportsIndirectInputEvents = YES;
				INFOPLIST_KEY_UILaunchScreen_Generation = YES;
				INFOPLIST_KEY_UISupportedInterfaceOrientations_iPad = "UIInterfaceOrientationPortrait UIInterfaceOrientationPortraitUpsideDown UIInterfaceOrientationLandscapeLeft UIInterfaceOrientationLandscapeRight";
				INFOPLIST_KEY_UISupportedInterfaceOrientations_iPhone = "UIInterfaceOrientationPortrait UIInterfaceOrientationLandscapeLeft UIInterfaceOrientationLandscapeRight";
				LD_RUNPATH_SEARCH_PATHS = (
					"$(inherited)",
					"@executable_path/Frameworks",
				);
				MARKETING_VERSION = 1.0;
				PRODUCT_BUNDLE_IDENTIFIER = "com.hyunsun.iOS-Getting-Started";
				PRODUCT_NAME = "$(TARGET_NAME)";
				SWIFT_EMIT_LOC_STRINGS = YES;
				SWIFT_VERSION = 5.0;
				TARGETED_DEVICE_FAMILY = "1,2";
			};
			name = Release;
		};
/* End XCBuildConfiguration section */

/* Begin XCConfigurationList section */
		0E96FF6428BFB65E002EDB0F /* Build configuration list for PBXProject "iOS Getting Started" */ = {
			isa = XCConfigurationList;
			buildConfigurations = (
				0E96FF7528BFB65F002EDB0F /* Debug */,
				0E96FF7628BFB65F002EDB0F /* Release */,
			);
			defaultConfigurationIsVisible = 0;
			defaultConfigurationName = Release;
		};
		0E96FF7728BFB65F002EDB0F /* Build configuration list for PBXNativeTarget "iOS Getting Started" */ = {
			isa = XCConfigurationList;
			buildConfigurations = (
				0E96FF7828BFB65F002EDB0F /* Debug */,
				0E96FF7928BFB65F002EDB0F /* Release */,
			);
			defaultConfigurationIsVisible = 0;
			defaultConfigurationName = Release;
		};
/* End XCConfigurationList section */
	};
	rootObject = 0E96FF6128BFB65E002EDB0F /* Project object */;
}
